github.com/wildtechgarden/a-wild-theme-mod-hugo v0.1.0-alpha.7 h1:qKxmFOgH2Wq4UEAyVIAh7rojDpwkzh9AUT7+mCR2UA4=
github.com/wildtechgarden/a-wild-theme-mod-hugo v0.1.0-alpha.7/go.mod h1:rc2NLfIPGALkdwLv72TW6c5sdEpVp/TKnA1yeRTYVBE=
github.com/wildtechgarden/demo-test-site-hugo-wtg v0.2.1 h1:YQBFTHngVOM3HJBvijjGBIzKQTXlKTTCZeSCNtLT8TE=
github.com/wildtechgarden/demo-test-site-hugo-wtg v0.2.1/go.mod h1:CrmJcRwUDijoyY0XNlA6Rx3zmZkjq+utnIqsAkSoCUY=
