github.com/wildtechgarden/a-wild-theme-mod-hugo v0.1.0-beta.1 h1:1dIKbljRA/0RF83bGzLevW7omCt0yQADa58we2hIo4A=
github.com/wildtechgarden/a-wild-theme-mod-hugo v0.1.0-beta.1/go.mod h1:r7bwO+eopfIxX7iGqTIezS61InMACj6T85st9SP2RZQ=
github.com/wildtechgarden/demo-test-site-hugo-wtg v0.3.2 h1:TNJeojQUwfFU5/tZZf/G9W0ZksqIpn1ZQA39SUEVWaI=
github.com/wildtechgarden/demo-test-site-hugo-wtg v0.3.2/go.mod h1:Bm3jUL1XjEWNb7rx+I3tBYgW5fYMpt9n0WSdysWP62Q=
