github.com/wildtechgarden/a-wild-theme-mod-hugo v0.1.0-beta.2.0.20230916080133-8d3a92f9248f h1:lBMKc6VhiISp0ePXE4MI05i8M5G7iVvWfj8kGcB4Xkk=
github.com/wildtechgarden/a-wild-theme-mod-hugo v0.1.0-beta.2.0.20230916080133-8d3a92f9248f/go.mod h1:JQy+EsvNmSBNAC/Rbn7rQbPRe2t+t1sn0HYQnxm+83k=
github.com/wildtechgarden/demo-test-site-hugo-wtg v0.3.3 h1:7AIh2GeZw4Fu4EE1EJJHKxOUzkYoiaFys2mASIJT25U=
github.com/wildtechgarden/demo-test-site-hugo-wtg v0.3.3/go.mod h1:Bm3jUL1XjEWNb7rx+I3tBYgW5fYMpt9n0WSdysWP62Q=
